
Microsoft Visual Studio Solution File, Format Version 12.00
# Visual Studio Version 16
VisualStudioVersion = 16.0.29905.134
MinimumVisualStudioVersion = 10.0.40219.1
Project("{FAE04EC0-301F-11D3-BF4B-00C04F79EFBC}") = "tutorial2", "tutorial2\tutorial2.csproj", "{2881DC95-51FE-4671-BB57-8E63C1583BCC}"
EndProject
Global
	GlobalSection(SolutionConfigurationPlatforms) = preSolution
		Debug|Any CPU = Debug|Any CPU
		Release|Any CPU = Release|Any CPU
	EndGlobalSection
	GlobalSection(ProjectConfigurationPlatforms) = postSolution
		{2881DC95-51FE-4671-BB57-8E63C1583BCC}.Debug|Any CPU.ActiveCfg = Debug|Any CPU
		{2881DC95-51FE-4671-BB57-8E63C1583BCC}.Debug|Any CPU.Build.0 = Debug|Any CPU
		{2881DC95-51FE-4671-BB57-8E63C1583BCC}.Release|Any CPU.ActiveCfg = Release|Any CPU
		{2881DC95-51FE-4671-BB57-8E63C1583BCC}.Release|Any CPU.Build.0 = Release|Any CPU
	EndGlobalSection
	GlobalSection(SolutionProperties) = preSolution
		HideSolutionNode = FALSE
	EndGlobalSection
	GlobalSection(ExtensibilityGlobals) = postSolution
		SolutionGuid = {314C41FA-4AFE-4734-9396-B49082A26E4D}
	EndGlobalSection
EndGlobal
